
Microsoft Visual Studio Solution File, Format Version 12.00
# Visual Studio Version 17
VisualStudioVersion = 17.9.34622.214
MinimumVisualStudioVersion = 10.0.40219.1
Project("{FAE04EC0-301F-11D3-BF4B-00C04F79EFBC}") = "Digital_Clock", "Digital_Clock\Digital_Clock.csproj", "{6BFE95FE-4B6B-4B0C-B62F-7BD3A0441093}"
EndProject
Global
	GlobalSection(SolutionConfigurationPlatforms) = preSolution
		Debug|Any CPU = Debug|Any CPU
		Release|Any CPU = Release|Any CPU
	EndGlobalSection
	GlobalSection(ProjectConfigurationPlatforms) = postSolution
		{6BFE95FE-4B6B-4B0C-B62F-7BD3A0441093}.Debug|Any CPU.ActiveCfg = Debug|Any CPU
		{6BFE95FE-4B6B-4B0C-B62F-7BD3A0441093}.Debug|Any CPU.Build.0 = Debug|Any CPU
		{6BFE95FE-4B6B-4B0C-B62F-7BD3A0441093}.Release|Any CPU.ActiveCfg = Release|Any CPU
		{6BFE95FE-4B6B-4B0C-B62F-7BD3A0441093}.Release|Any CPU.Build.0 = Release|Any CPU
	EndGlobalSection
	GlobalSection(SolutionProperties) = preSolution
		HideSolutionNode = FALSE
	EndGlobalSection
	GlobalSection(ExtensibilityGlobals) = postSolution
		SolutionGuid = {4CC68668-028B-4458-9D75-15E6574CDA2A}
	EndGlobalSection
EndGlobal
